// !$*UTF8*$!
{
	archiveVersion = 1;
	classes = {
	};
	objectVersion = 48;
	objects = {

/* Begin PBXBuildFile section */
		FF2A84701F8E2C14007A4B0E /* UdacityUser.swift in Sources */ = {isa = PBXBuildFile; fileRef = FF2A846F1F8E2C14007A4B0E /* UdacityUser.swift */; };
		FF2A84721F8E3729007A4B0E /* MapViewController.swift in Sources */ = {isa = PBXBuildFile; fileRef = FF2A84711F8E3729007A4B0E /* MapViewController.swift */; };
		FF2A84741F8E373E007A4B0E /* ListViewController.swift in Sources */ = {isa = PBXBuildFile; fileRef = FF2A84731F8E373E007A4B0E /* ListViewController.swift */; };
		FF2A84771F8E4A1E007A4B0E /* ParseClient.swift in Sources */ = {isa = PBXBuildFile; fileRef = FF2A84761F8E4A1E007A4B0E /* ParseClient.swift */; };
		FF2A84791F8E4A3E007A4B0E /* ParseConstants.swift in Sources */ = {isa = PBXBuildFile; fileRef = FF2A84781F8E4A3E007A4B0E /* ParseConstants.swift */; };
		FF2A847B1F8E4A50007A4B0E /* ParseConvenience.swift in Sources */ = {isa = PBXBuildFile; fileRef = FF2A847A1F8E4A50007A4B0E /* ParseConvenience.swift */; };
		FF2A847D1F8E4A5F007A4B0E /* ParseStudentInformation.swift in Sources */ = {isa = PBXBuildFile; fileRef = FF2A847C1F8E4A5F007A4B0E /* ParseStudentInformation.swift */; };
		FF4CE6A41F8D1C9200162957 /* StringExtensions.swift in Sources */ = {isa = PBXBuildFile; fileRef = FF4CE6A31F8D1C9200162957 /* StringExtensions.swift */; };
		FF4CE6A81F8D261000162957 /* UdacityClient.swift in Sources */ = {isa = PBXBuildFile; fileRef = FF4CE6A71F8D261000162957 /* UdacityClient.swift */; };
		FF4CE6AA1F8D267F00162957 /* UdacityConstants.swift in Sources */ = {isa = PBXBuildFile; fileRef = FF4CE6A91F8D267F00162957 /* UdacityConstants.swift */; };
		FF4CE6AC1F8D277600162957 /* UdacityConvenience.swift in Sources */ = {isa = PBXBuildFile; fileRef = FF4CE6AB1F8D277600162957 /* UdacityConvenience.swift */; };
		FF83499B1F8F6D4B001D0529 /* LocationTabsController.swift in Sources */ = {isa = PBXBuildFile; fileRef = FF83499A1F8F6D4B001D0529 /* LocationTabsController.swift */; };
		FF83499D1F8F785E001D0529 /* LocationCaptureController.swift in Sources */ = {isa = PBXBuildFile; fileRef = FF83499C1F8F785E001D0529 /* LocationCaptureController.swift */; };
		FF83499F1F8F80AE001D0529 /* LocationMapController.swift in Sources */ = {isa = PBXBuildFile; fileRef = FF83499E1F8F80AE001D0529 /* LocationMapController.swift */; };
		FF8349A11F8F91D4001D0529 /* MapExtensions.swift in Sources */ = {isa = PBXBuildFile; fileRef = FF8349A01F8F91D4001D0529 /* MapExtensions.swift */; };
		FF8349A31F911366001D0529 /* StudentStore.swift in Sources */ = {isa = PBXBuildFile; fileRef = FF8349A21F911366001D0529 /* StudentStore.swift */; };
		FF8EFDB01F8CEC67005202DA /* AppDelegate.swift in Sources */ = {isa = PBXBuildFile; fileRef = FF8EFDAF1F8CEC67005202DA /* AppDelegate.swift */; };
		FF8EFDB51F8CEC67005202DA /* Main.storyboard in Resources */ = {isa = PBXBuildFile; fileRef = FF8EFDB31F8CEC67005202DA /* Main.storyboard */; };
		FF8EFDBA1F8CEC67005202DA /* Assets.xcassets in Resources */ = {isa = PBXBuildFile; fileRef = FF8EFDB91F8CEC67005202DA /* Assets.xcassets */; };
		FF8EFDBD1F8CEC67005202DA /* LaunchScreen.storyboard in Resources */ = {isa = PBXBuildFile; fileRef = FF8EFDBB1F8CEC67005202DA /* LaunchScreen.storyboard */; };
		FF8EFDC81F8CEC67005202DA /* OnTheMapUITests.swift in Sources */ = {isa = PBXBuildFile; fileRef = FF8EFDC71F8CEC67005202DA /* OnTheMapUITests.swift */; };
		FF8EFDD71F8CEE8C005202DA /* Default-568h@2x.png in Resources */ = {isa = PBXBuildFile; fileRef = FF8EFDD61F8CEE8C005202DA /* Default-568h@2x.png */; };
		FF8EFDDA1F8CF396005202DA /* LoginViewController.swift in Sources */ = {isa = PBXBuildFile; fileRef = FF8EFDD91F8CF396005202DA /* LoginViewController.swift */; };
		FF8EFDDD1F8CFBAA005202DA /* UIRoundedButton.swift in Sources */ = {isa = PBXBuildFile; fileRef = FF8EFDDC1F8CFBAA005202DA /* UIRoundedButton.swift */; };
		FFD513AB1F8E918F006C93D2 /* LocationListCell.swift in Sources */ = {isa = PBXBuildFile; fileRef = FFD513AA1F8E918F006C93D2 /* LocationListCell.swift */; };
/* End PBXBuildFile section */

/* Begin PBXContainerItemProxy section */
		FF8EFDC41F8CEC67005202DA /* PBXContainerItemProxy */ = {
			isa = PBXContainerItemProxy;
			containerPortal = FF8EFDA41F8CEC66005202DA /* Project object */;
			proxyType = 1;
			remoteGlobalIDString = FF8EFDAB1F8CEC67005202DA;
			remoteInfo = OnTheMap;
		};
/* End PBXContainerItemProxy section */

/* Begin PBXFileReference section */
		FF2A846F1F8E2C14007A4B0E /* UdacityUser.swift */ = {isa = PBXFileReference; lastKnownFileType = sourcecode.swift; path = UdacityUser.swift; sourceTree = "<group>"; };
		FF2A84711F8E3729007A4B0E /* MapViewController.swift */ = {isa = PBXFileReference; lastKnownFileType = sourcecode.swift; path = MapViewController.swift; sourceTree = "<group>"; };
		FF2A84731F8E373E007A4B0E /* ListViewController.swift */ = {isa = PBXFileReference; lastKnownFileType = sourcecode.swift; path = ListViewController.swift; sourceTree = "<group>"; };
		FF2A84761F8E4A1E007A4B0E /* ParseClient.swift */ = {isa = PBXFileReference; lastKnownFileType = sourcecode.swift; path = ParseClient.swift; sourceTree = "<group>"; };
		FF2A84781F8E4A3E007A4B0E /* ParseConstants.swift */ = {isa = PBXFileReference; lastKnownFileType = sourcecode.swift; path = ParseConstants.swift; sourceTree = "<group>"; };
		FF2A847A1F8E4A50007A4B0E /* ParseConvenience.swift */ = {isa = PBXFileReference; lastKnownFileType = sourcecode.swift; path = ParseConvenience.swift; sourceTree = "<group>"; };
		FF2A847C1F8E4A5F007A4B0E /* ParseStudentInformation.swift */ = {isa = PBXFileReference; lastKnownFileType = sourcecode.swift; path = ParseStudentInformation.swift; sourceTree = "<group>"; };
		FF4CE6A31F8D1C9200162957 /* StringExtensions.swift */ = {isa = PBXFileReference; lastKnownFileType = sourcecode.swift; path = StringExtensions.swift; sourceTree = "<group>"; };
		FF4CE6A71F8D261000162957 /* UdacityClient.swift */ = {isa = PBXFileReference; lastKnownFileType = sourcecode.swift; path = UdacityClient.swift; sourceTree = "<group>"; };
		FF4CE6A91F8D267F00162957 /* UdacityConstants.swift */ = {isa = PBXFileReference; lastKnownFileType = sourcecode.swift; path = UdacityConstants.swift; sourceTree = "<group>"; };
		FF4CE6AB1F8D277600162957 /* UdacityConvenience.swift */ = {isa = PBXFileReference; lastKnownFileType = sourcecode.swift; path = UdacityConvenience.swift; sourceTree = "<group>"; };
		FF83499A1F8F6D4B001D0529 /* LocationTabsController.swift */ = {isa = PBXFileReference; lastKnownFileType = sourcecode.swift; path = LocationTabsController.swift; sourceTree = "<group>"; };
		FF83499C1F8F785E001D0529 /* LocationCaptureController.swift */ = {isa = PBXFileReference; lastKnownFileType = sourcecode.swift; path = LocationCaptureController.swift; sourceTree = "<group>"; };
		FF83499E1F8F80AE001D0529 /* LocationMapController.swift */ = {isa = PBXFileReference; lastKnownFileType = sourcecode.swift; path = LocationMapController.swift; sourceTree = "<group>"; };
		FF8349A01F8F91D4001D0529 /* MapExtensions.swift */ = {isa = PBXFileReference; lastKnownFileType = sourcecode.swift; path = MapExtensions.swift; sourceTree = "<group>"; };
		FF8349A21F911366001D0529 /* StudentStore.swift */ = {isa = PBXFileReference; lastKnownFileType = sourcecode.swift; path = StudentStore.swift; sourceTree = "<group>"; };
		FF8EFDAC1F8CEC67005202DA /* OnTheMap.app */ = {isa = PBXFileReference; explicitFileType = wrapper.application; includeInIndex = 0; path = OnTheMap.app; sourceTree = BUILT_PRODUCTS_DIR; };
		FF8EFDAF1F8CEC67005202DA /* AppDelegate.swift */ = {isa = PBXFileReference; lastKnownFileType = sourcecode.swift; path = AppDelegate.swift; sourceTree = "<group>"; };
		FF8EFDB41F8CEC67005202DA /* Base */ = {isa = PBXFileReference; lastKnownFileType = file.storyboard; name = Base; path = Base.lproj/Main.storyboard; sourceTree = "<group>"; };
		FF8EFDB91F8CEC67005202DA /* Assets.xcassets */ = {isa = PBXFileReference; lastKnownFileType = folder.assetcatalog; path = Assets.xcassets; sourceTree = "<group>"; };
		FF8EFDBC1F8CEC67005202DA /* Base */ = {isa = PBXFileReference; lastKnownFileType = file.storyboard; name = Base; path = Base.lproj/LaunchScreen.storyboard; sourceTree = "<group>"; };
		FF8EFDBE1F8CEC67005202DA /* Info.plist */ = {isa = PBXFileReference; lastKnownFileType = text.plist.xml; path = Info.plist; sourceTree = "<group>"; };
		FF8EFDC31F8CEC67005202DA /* OnTheMapUITests.xctest */ = {isa = PBXFileReference; explicitFileType = wrapper.cfbundle; includeInIndex = 0; path = OnTheMapUITests.xctest; sourceTree = BUILT_PRODUCTS_DIR; };
		FF8EFDC71F8CEC67005202DA /* OnTheMapUITests.swift */ = {isa = PBXFileReference; lastKnownFileType = sourcecode.swift; path = OnTheMapUITests.swift; sourceTree = "<group>"; };
		FF8EFDC91F8CEC67005202DA /* Info.plist */ = {isa = PBXFileReference; lastKnownFileType = text.plist.xml; path = Info.plist; sourceTree = "<group>"; };
		FF8EFDD61F8CEE8C005202DA /* Default-568h@2x.png */ = {isa = PBXFileReference; lastKnownFileType = image.png; path = "Default-568h@2x.png"; sourceTree = "<group>"; };
		FF8EFDD91F8CF396005202DA /* LoginViewController.swift */ = {isa = PBXFileReference; lastKnownFileType = sourcecode.swift; path = LoginViewController.swift; sourceTree = "<group>"; };
		FF8EFDDC1F8CFBAA005202DA /* UIRoundedButton.swift */ = {isa = PBXFileReference; lastKnownFileType = sourcecode.swift; path = UIRoundedButton.swift; sourceTree = "<group>"; };
		FFD513AA1F8E918F006C93D2 /* LocationListCell.swift */ = {isa = PBXFileReference; lastKnownFileType = sourcecode.swift; path = LocationListCell.swift; sourceTree = "<group>"; };
/* End PBXFileReference section */

/* Begin PBXFrameworksBuildPhase section */
		FF8EFDA91F8CEC67005202DA /* Frameworks */ = {
			isa = PBXFrameworksBuildPhase;
			buildActionMask = 2147483647;
			files = (
			);
			runOnlyForDeploymentPostprocessing = 0;
		};
		FF8EFDC01F8CEC67005202DA /* Frameworks */ = {
			isa = PBXFrameworksBuildPhase;
			buildActionMask = 2147483647;
			files = (
			);
			runOnlyForDeploymentPostprocessing = 0;
		};
/* End PBXFrameworksBuildPhase section */

/* Begin PBXGroup section */
		FF2A84751F8E4958007A4B0E /* Parse */ = {
			isa = PBXGroup;
			children = (
				FF2A84761F8E4A1E007A4B0E /* ParseClient.swift */,
				FF2A84781F8E4A3E007A4B0E /* ParseConstants.swift */,
				FF2A847A1F8E4A50007A4B0E /* ParseConvenience.swift */,
				FF2A847C1F8E4A5F007A4B0E /* ParseStudentInformation.swift */,
			);
			path = Parse;
			sourceTree = "<group>";
		};
		FF4CE6A21F8D1C5500162957 /* Utility */ = {
			isa = PBXGroup;
			children = (
				FF4CE6A31F8D1C9200162957 /* StringExtensions.swift */,
				FF8349A01F8F91D4001D0529 /* MapExtensions.swift */,
			);
			path = Utility;
			sourceTree = "<group>";
		};
		FF4CE6A51F8D24FD00162957 /* Model */ = {
			isa = PBXGroup;
			children = (
				FF2A84751F8E4958007A4B0E /* Parse */,
				FF4CE6A61F8D250400162957 /* Udacity */,
				FF8349A21F911366001D0529 /* StudentStore.swift */,
			);
			path = Model;
			sourceTree = "<group>";
		};
		FF4CE6A61F8D250400162957 /* Udacity */ = {
			isa = PBXGroup;
			children = (
				FF4CE6A71F8D261000162957 /* UdacityClient.swift */,
				FF4CE6A91F8D267F00162957 /* UdacityConstants.swift */,
				FF4CE6AB1F8D277600162957 /* UdacityConvenience.swift */,
				FF2A846F1F8E2C14007A4B0E /* UdacityUser.swift */,
			);
			path = Udacity;
			sourceTree = "<group>";
		};
		FF8EFDA31F8CEC66005202DA = {
			isa = PBXGroup;
			children = (
				FF8EFDAE1F8CEC67005202DA /* OnTheMap */,
				FF8EFDC61F8CEC67005202DA /* OnTheMapUITests */,
				FF8EFDAD1F8CEC67005202DA /* Products */,
			);
			sourceTree = "<group>";
		};
		FF8EFDAD1F8CEC67005202DA /* Products */ = {
			isa = PBXGroup;
			children = (
				FF8EFDAC1F8CEC67005202DA /* OnTheMap.app */,
				FF8EFDC31F8CEC67005202DA /* OnTheMapUITests.xctest */,
			);
			name = Products;
			sourceTree = "<group>";
		};
		FF8EFDAE1F8CEC67005202DA /* OnTheMap */ = {
			isa = PBXGroup;
			children = (
				FF8EFDAF1F8CEC67005202DA /* AppDelegate.swift */,
				FF4CE6A51F8D24FD00162957 /* Model */,
				FF8EFDDB1F8CFB77005202DA /* View */,
				FF8EFDD81F8CF350005202DA /* Controllers */,
				FF4CE6A21F8D1C5500162957 /* Utility */,
				FF8EFDD21F8CED62005202DA /* Assets */,
				FF8EFDD31F8CED91005202DA /* Supporting Files */,
			);
			path = OnTheMap;
			sourceTree = "<group>";
		};
		FF8EFDC61F8CEC67005202DA /* OnTheMapUITests */ = {
			isa = PBXGroup;
			children = (
				FF8EFDC71F8CEC67005202DA /* OnTheMapUITests.swift */,
				FF8EFDC91F8CEC67005202DA /* Info.plist */,
			);
			path = OnTheMapUITests;
			sourceTree = "<group>";
		};
		FF8EFDD21F8CED62005202DA /* Assets */ = {
			isa = PBXGroup;
			children = (
				FF8EFDB31F8CEC67005202DA /* Main.storyboard */,
				FF8EFDB91F8CEC67005202DA /* Assets.xcassets */,
				FF8EFDBB1F8CEC67005202DA /* LaunchScreen.storyboard */,
			);
			path = Assets;
			sourceTree = "<group>";
		};
		FF8EFDD31F8CED91005202DA /* Supporting Files */ = {
			isa = PBXGroup;
			children = (
				FF8EFDD61F8CEE8C005202DA /* Default-568h@2x.png */,
				FF8EFDBE1F8CEC67005202DA /* Info.plist */,
			);
			path = "Supporting Files";
			sourceTree = "<group>";
		};
		FF8EFDD81F8CF350005202DA /* Controllers */ = {
			isa = PBXGroup;
			children = (
				FF8EFDD91F8CF396005202DA /* LoginViewController.swift */,
				FF2A84711F8E3729007A4B0E /* MapViewController.swift */,
				FF2A84731F8E373E007A4B0E /* ListViewController.swift */,
				FFD513AA1F8E918F006C93D2 /* LocationListCell.swift */,
				FF83499A1F8F6D4B001D0529 /* LocationTabsController.swift */,
				FF83499C1F8F785E001D0529 /* LocationCaptureController.swift */,
				FF83499E1F8F80AE001D0529 /* LocationMapController.swift */,
			);
			path = Controllers;
			sourceTree = "<group>";
		};
		FF8EFDDB1F8CFB77005202DA /* View */ = {
			isa = PBXGroup;
			children = (
				FF8EFDDC1F8CFBAA005202DA /* UIRoundedButton.swift */,
			);
			path = View;
			sourceTree = "<group>";
		};
/* End PBXGroup section */

/* Begin PBXNativeTarget section */
		FF8EFDAB1F8CEC67005202DA /* OnTheMap */ = {
			isa = PBXNativeTarget;
			buildConfigurationList = FF8EFDCC1F8CEC67005202DA /* Build configuration list for PBXNativeTarget "OnTheMap" */;
			buildPhases = (
				FF8EFDA81F8CEC67005202DA /* Sources */,
				FF8EFDA91F8CEC67005202DA /* Frameworks */,
				FF8EFDAA1F8CEC67005202DA /* Resources */,
			);
			buildRules = (
			);
			dependencies = (
			);
			name = OnTheMap;
			productName = OnTheMap;
			productReference = FF8EFDAC1F8CEC67005202DA /* OnTheMap.app */;
			productType = "com.apple.product-type.application";
		};
		FF8EFDC21F8CEC67005202DA /* OnTheMapUITests */ = {
			isa = PBXNativeTarget;
			buildConfigurationList = FF8EFDCF1F8CEC67005202DA /* Build configuration list for PBXNativeTarget "OnTheMapUITests" */;
			buildPhases = (
				FF8EFDBF1F8CEC67005202DA /* Sources */,
				FF8EFDC01F8CEC67005202DA /* Frameworks */,
				FF8EFDC11F8CEC67005202DA /* Resources */,
			);
			buildRules = (
			);
			dependencies = (
				FF8EFDC51F8CEC67005202DA /* PBXTargetDependency */,
			);
			name = OnTheMapUITests;
			productName = OnTheMapUITests;
			productReference = FF8EFDC31F8CEC67005202DA /* OnTheMapUITests.xctest */;
			productType = "com.apple.product-type.bundle.ui-testing";
		};
/* End PBXNativeTarget section */

/* Begin PBXProject section */
		FF8EFDA41F8CEC66005202DA /* Project object */ = {
			isa = PBXProject;
			attributes = {
				LastSwiftUpdateCheck = 0900;
				LastUpgradeCheck = 0900;
				ORGANIZATIONNAME = "Justin Priday";
				TargetAttributes = {
					FF8EFDAB1F8CEC67005202DA = {
						CreatedOnToolsVersion = 9.0;
						ProvisioningStyle = Automatic;
					};
					FF8EFDC21F8CEC67005202DA = {
						CreatedOnToolsVersion = 9.0;
						ProvisioningStyle = Automatic;
						TestTargetID = FF8EFDAB1F8CEC67005202DA;
					};
				};
			};
			buildConfigurationList = FF8EFDA71F8CEC66005202DA /* Build configuration list for PBXProject "OnTheMap" */;
			compatibilityVersion = "Xcode 8.0";
			developmentRegion = en;
			hasScannedForEncodings = 0;
			knownRegions = (
				en,
				Base,
			);
			mainGroup = FF8EFDA31F8CEC66005202DA;
			productRefGroup = FF8EFDAD1F8CEC67005202DA /* Products */;
			projectDirPath = "";
			projectRoot = "";
			targets = (
				FF8EFDAB1F8CEC67005202DA /* OnTheMap */,
				FF8EFDC21F8CEC67005202DA /* OnTheMapUITests */,
			);
		};
/* End PBXProject section */

/* Begin PBXResourcesBuildPhase section */
		FF8EFDAA1F8CEC67005202DA /* Resources */ = {
			isa = PBXResourcesBuildPhase;
			buildActionMask = 2147483647;
			files = (
				FF8EFDBD1F8CEC67005202DA /* LaunchScreen.storyboard in Resources */,
				FF8EFDD71F8CEE8C005202DA /* Default-568h@2x.png in Resources */,
				FF8EFDBA1F8CEC67005202DA /* Assets.xcassets in Resources */,
				FF8EFDB51F8CEC67005202DA /* Main.storyboard in Resources */,
			);
			runOnlyForDeploymentPostprocessing = 0;
		};
		FF8EFDC11F8CEC67005202DA /* Resources */ = {
			isa = PBXResourcesBuildPhase;
			buildActionMask = 2147483647;
			files = (
			);
			runOnlyForDeploymentPostprocessing = 0;
		};
/* End PBXResourcesBuildPhase section */

/* Begin PBXSourcesBuildPhase section */
		FF8EFDA81F8CEC67005202DA /* Sources */ = {
			isa = PBXSourcesBuildPhase;
			buildActionMask = 2147483647;
			files = (
				FF8349A11F8F91D4001D0529 /* MapExtensions.swift in Sources */,
				FF4CE6A81F8D261000162957 /* UdacityClient.swift in Sources */,
				FF4CE6A41F8D1C9200162957 /* StringExtensions.swift in Sources */,
				FF8EFDDA1F8CF396005202DA /* LoginViewController.swift in Sources */,
				FF83499D1F8F785E001D0529 /* LocationCaptureController.swift in Sources */,
				FF8EFDDD1F8CFBAA005202DA /* UIRoundedButton.swift in Sources */,
				FF83499F1F8F80AE001D0529 /* LocationMapController.swift in Sources */,
				FF2A847D1F8E4A5F007A4B0E /* ParseStudentInformation.swift in Sources */,
				FF2A84721F8E3729007A4B0E /* MapViewController.swift in Sources */,
				FF8349A31F911366001D0529 /* StudentStore.swift in Sources */,
				FFD513AB1F8E918F006C93D2 /* LocationListCell.swift in Sources */,
				FF8EFDB01F8CEC67005202DA /* AppDelegate.swift in Sources */,
				FF4CE6AC1F8D277600162957 /* UdacityConvenience.swift in Sources */,
				FF2A84701F8E2C14007A4B0E /* UdacityUser.swift in Sources */,
				FF2A847B1F8E4A50007A4B0E /* ParseConvenience.swift in Sources */,
				FF2A84741F8E373E007A4B0E /* ListViewController.swift in Sources */,
				FF4CE6AA1F8D267F00162957 /* UdacityConstants.swift in Sources */,
				FF2A84771F8E4A1E007A4B0E /* ParseClient.swift in Sources */,
				FF83499B1F8F6D4B001D0529 /* LocationTabsController.swift in Sources */,
				FF2A84791F8E4A3E007A4B0E /* ParseConstants.swift in Sources */,
			);
			runOnlyForDeploymentPostprocessing = 0;
		};
		FF8EFDBF1F8CEC67005202DA /* Sources */ = {
			isa = PBXSourcesBuildPhase;
			buildActionMask = 2147483647;
			files = (
				FF8EFDC81F8CEC67005202DA /* OnTheMapUITests.swift in Sources */,
			);
			runOnlyForDeploymentPostprocessing = 0;
		};
/* End PBXSourcesBuildPhase section */

/* Begin PBXTargetDependency section */
		FF8EFDC51F8CEC67005202DA /* PBXTargetDependency */ = {
			isa = PBXTargetDependency;
			target = FF8EFDAB1F8CEC67005202DA /* OnTheMap */;
			targetProxy = FF8EFDC41F8CEC67005202DA /* PBXContainerItemProxy */;
		};
/* End PBXTargetDependency section */

/* Begin PBXVariantGroup section */
		FF8EFDB31F8CEC67005202DA /* Main.storyboard */ = {
			isa = PBXVariantGroup;
			children = (
				FF8EFDB41F8CEC67005202DA /* Base */,
			);
			name = Main.storyboard;
			sourceTree = "<group>";
		};
		FF8EFDBB1F8CEC67005202DA /* LaunchScreen.storyboard */ = {
			isa = PBXVariantGroup;
			children = (
				FF8EFDBC1F8CEC67005202DA /* Base */,
			);
			name = LaunchScreen.storyboard;
			sourceTree = "<group>";
		};
/* End PBXVariantGroup section */

/* Begin XCBuildConfiguration section */
		FF8EFDCA1F8CEC67005202DA /* Debug */ = {
			isa = XCBuildConfiguration;
			buildSettings = {
				ALWAYS_SEARCH_USER_PATHS = NO;
				CLANG_ANALYZER_NONNULL = YES;
				CLANG_ANALYZER_NUMBER_OBJECT_CONVERSION = YES_AGGRESSIVE;
				CLANG_CXX_LANGUAGE_STANDARD = "gnu++14";
				CLANG_CXX_LIBRARY = "libc++";
				CLANG_ENABLE_MODULES = YES;
				CLANG_ENABLE_OBJC_ARC = YES;
				CLANG_WARN_BLOCK_CAPTURE_AUTORELEASING = YES;
				CLANG_WARN_BOOL_CONVERSION = YES;
				CLANG_WARN_COMMA = YES;
				CLANG_WARN_CONSTANT_CONVERSION = YES;
				CLANG_WARN_DIRECT_OBJC_ISA_USAGE = YES_ERROR;
				CLANG_WARN_DOCUMENTATION_COMMENTS = YES;
				CLANG_WARN_EMPTY_BODY = YES;
				CLANG_WARN_ENUM_CONVERSION = YES;
				CLANG_WARN_INFINITE_RECURSION = YES;
				CLANG_WARN_INT_CONVERSION = YES;
				CLANG_WARN_NON_LITERAL_NULL_CONVERSION = YES;
				CLANG_WARN_OBJC_LITERAL_CONVERSION = YES;
				CLANG_WARN_OBJC_ROOT_CLASS = YES_ERROR;
				CLANG_WARN_RANGE_LOOP_ANALYSIS = YES;
				CLANG_WARN_STRICT_PROTOTYPES = YES;
				CLANG_WARN_SUSPICIOUS_MOVE = YES;
				CLANG_WARN_UNGUARDED_AVAILABILITY = YES_AGGRESSIVE;
				CLANG_WARN_UNREACHABLE_CODE = YES;
				CLANG_WARN__DUPLICATE_METHOD_MATCH = YES;
				CODE_SIGN_IDENTITY = "iPhone Developer";
				COPY_PHASE_STRIP = NO;
				DEBUG_INFORMATION_FORMAT = dwarf;
				ENABLE_STRICT_OBJC_MSGSEND = YES;
				ENABLE_TESTABILITY = YES;
				GCC_C_LANGUAGE_STANDARD = gnu11;
				GCC_DYNAMIC_NO_PIC = NO;
				GCC_NO_COMMON_BLOCKS = YES;
				GCC_OPTIMIZATION_LEVEL = 0;
				GCC_PREPROCESSOR_DEFINITIONS = (
					"DEBUG=1",
					"$(inherited)",
				);
				GCC_WARN_64_TO_32_BIT_CONVERSION = YES;
				GCC_WARN_ABOUT_RETURN_TYPE = YES_ERROR;
				GCC_WARN_UNDECLARED_SELECTOR = YES;
				GCC_WARN_UNINITIALIZED_AUTOS = YES_AGGRESSIVE;
				GCC_WARN_UNUSED_FUNCTION = YES;
				GCC_WARN_UNUSED_VARIABLE = YES;
				IPHONEOS_DEPLOYMENT_TARGET = 11.0;
				MTL_ENABLE_DEBUG_INFO = YES;
				ONLY_ACTIVE_ARCH = YES;
				SDKROOT = iphoneos;
				SWIFT_ACTIVE_COMPILATION_CONDITIONS = DEBUG;
				SWIFT_OPTIMIZATION_LEVEL = "-Onone";
			};
			name = Debug;
		};
		FF8EFDCB1F8CEC67005202DA /* Release */ = {
			isa = XCBuildConfiguration;
			buildSettings = {
				ALWAYS_SEARCH_USER_PATHS = NO;
				CLANG_ANALYZER_NONNULL = YES;
				CLANG_ANALYZER_NUMBER_OBJECT_CONVERSION = YES_AGGRESSIVE;
				CLANG_CXX_LANGUAGE_STANDARD = "gnu++14";
				CLANG_CXX_LIBRARY = "libc++";
				CLANG_ENABLE_MODULES = YES;
				CLANG_ENABLE_OBJC_ARC = YES;
				CLANG_WARN_BLOCK_CAPTURE_AUTORELEASING = YES;
				CLANG_WARN_BOOL_CONVERSION = YES;
				CLANG_WARN_COMMA = YES;
				CLANG_WARN_CONSTANT_CONVERSION = YES;
				CLANG_WARN_DIRECT_OBJC_ISA_USAGE = YES_ERROR;
				CLANG_WARN_DOCUMENTATION_COMMENTS = YES;
				CLANG_WARN_EMPTY_BODY = YES;
				CLANG_WARN_ENUM_CONVERSION = YES;
				CLANG_WARN_INFINITE_RECURSION = YES;
				CLANG_WARN_INT_CONVERSION = YES;
				CLANG_WARN_NON_LITERAL_NULL_CONVERSION = YES;
				CLANG_WARN_OBJC_LITERAL_CONVERSION = YES;
				CLANG_WARN_OBJC_ROOT_CLASS = YES_ERROR;
				CLANG_WARN_RANGE_LOOP_ANALYSIS = YES;
				CLANG_WARN_STRICT_PROTOTYPES = YES;
				CLANG_WARN_SUSPICIOUS_MOVE = YES;
				CLANG_WARN_UNGUARDED_AVAILABILITY = YES_AGGRESSIVE;
				CLANG_WARN_UNREACHABLE_CODE = YES;
				CLANG_WARN__DUPLICATE_METHOD_MATCH = YES;
				CODE_SIGN_IDENTITY = "iPhone Developer";
				COPY_PHASE_STRIP = NO;
				DEBUG_INFORMATION_FORMAT = "dwarf-with-dsym";
				ENABLE_NS_ASSERTIONS = NO;
				ENABLE_STRICT_OBJC_MSGSEND = YES;
				GCC_C_LANGUAGE_STANDARD = gnu11;
				GCC_NO_COMMON_BLOCKS = YES;
				GCC_WARN_64_TO_32_BIT_CONVERSION = YES;
				GCC_WARN_ABOUT_RETURN_TYPE = YES_ERROR;
				GCC_WARN_UNDECLARED_SELECTOR = YES;
				GCC_WARN_UNINITIALIZED_AUTOS = YES_AGGRESSIVE;
				GCC_WARN_UNUSED_FUNCTION = YES;
				GCC_WARN_UNUSED_VARIABLE = YES;
				IPHONEOS_DEPLOYMENT_TARGET = 11.0;
				MTL_ENABLE_DEBUG_INFO = NO;
				SDKROOT = iphoneos;
				SWIFT_OPTIMIZATION_LEVEL = "-Owholemodule";
				VALIDATE_PRODUCT = YES;
			};
			name = Release;
		};
		FF8EFDCD1F8CEC67005202DA /* Debug */ = {
			isa = XCBuildConfiguration;
			buildSettings = {
				ASSETCATALOG_COMPILER_APPICON_NAME = AppIcon;
				CODE_SIGN_STYLE = Automatic;
				DEVELOPMENT_TEAM = EPF4M4227K;
				INFOPLIST_FILE = "$(SRCROOT)/OnTheMapUITests/Info.plist";
				LD_RUNPATH_SEARCH_PATHS = "$(inherited) @executable_path/Frameworks";
				PRODUCT_BUNDLE_IDENTIFIER = com.JustinPriday.OnTheMap;
				PRODUCT_NAME = "$(TARGET_NAME)";
				SWIFT_VERSION = 4.0;
				TARGETED_DEVICE_FAMILY = 1;
			};
			name = Debug;
		};
		FF8EFDCE1F8CEC67005202DA /* Release */ = {
			isa = XCBuildConfiguration;
			buildSettings = {
				ASSETCATALOG_COMPILER_APPICON_NAME = AppIcon;
				CODE_SIGN_STYLE = Automatic;
				DEVELOPMENT_TEAM = EPF4M4227K;
				INFOPLIST_FILE = "$(SRCROOT)/OnTheMapUITests/Info.plist";
				LD_RUNPATH_SEARCH_PATHS = "$(inherited) @executable_path/Frameworks";
				PRODUCT_BUNDLE_IDENTIFIER = com.JustinPriday.OnTheMap;
				PRODUCT_NAME = "$(TARGET_NAME)";
				SWIFT_VERSION = 4.0;
				TARGETED_DEVICE_FAMILY = 1;
			};
			name = Release;
		};
		FF8EFDD01F8CEC67005202DA /* Debug */ = {
			isa = XCBuildConfiguration;
			buildSettings = {
				ALWAYS_EMBED_SWIFT_STANDARD_LIBRARIES = YES;
				CODE_SIGN_STYLE = Automatic;
				DEVELOPMENT_TEAM = EPF4M4227K;
				INFOPLIST_FILE = OnTheMapUITests/Info.plist;
				LD_RUNPATH_SEARCH_PATHS = "$(inherited) @executable_path/Frameworks @loader_path/Frameworks";
				PRODUCT_BUNDLE_IDENTIFIER = com.JustinPriday.OnTheMapUITests;
				PRODUCT_NAME = "$(TARGET_NAME)";
				SWIFT_VERSION = 4.0;
				TARGETED_DEVICE_FAMILY = "1,2";
				TEST_TARGET_NAME = OnTheMap;
			};
			name = Debug;
		};
		FF8EFDD11F8CEC67005202DA /* Release */ = {
			isa = XCBuildConfiguration;
			buildSettings = {
				ALWAYS_EMBED_SWIFT_STANDARD_LIBRARIES = YES;
				CODE_SIGN_STYLE = Automatic;
				DEVELOPMENT_TEAM = EPF4M4227K;
				INFOPLIST_FILE = OnTheMapUITests/Info.plist;
				LD_RUNPATH_SEARCH_PATHS = "$(inherited) @executable_path/Frameworks @loader_path/Frameworks";
				PRODUCT_BUNDLE_IDENTIFIER = com.JustinPriday.OnTheMapUITests;
				PRODUCT_NAME = "$(TARGET_NAME)";
				SWIFT_VERSION = 4.0;
				TARGETED_DEVICE_FAMILY = "1,2";
				TEST_TARGET_NAME = OnTheMap;
			};
			name = Release;
		};
/* End XCBuildConfiguration section */

/* Begin XCConfigurationList section */
		FF8EFDA71F8CEC66005202DA /* Build configuration list for PBXProject "OnTheMap" */ = {
			isa = XCConfigurationList;
			buildConfigurations = (
				FF8EFDCA1F8CEC67005202DA /* Debug */,
				FF8EFDCB1F8CEC67005202DA /* Release */,
			);
			defaultConfigurationIsVisible = 0;
			defaultConfigurationName = Release;
		};
		FF8EFDCC1F8CEC67005202DA /* Build configuration list for PBXNativeTarget "OnTheMap" */ = {
			isa = XCConfigurationList;
			buildConfigurations = (
				FF8EFDCD1F8CEC67005202DA /* Debug */,
				FF8EFDCE1F8CEC67005202DA /* Release */,
			);
			defaultConfigurationIsVisible = 0;
			defaultConfigurationName = Release;
		};
		FF8EFDCF1F8CEC67005202DA /* Build configuration list for PBXNativeTarget "OnTheMapUITests" */ = {
			isa = XCConfigurationList;
			buildConfigurations = (
				FF8EFDD01F8CEC67005202DA /* Debug */,
				FF8EFDD11F8CEC67005202DA /* Release */,
			);
			defaultConfigurationIsVisible = 0;
			defaultConfigurationName = Release;
		};
/* End XCConfigurationList section */
	};
	rootObject = FF8EFDA41F8CEC66005202DA /* Project object */;
}
